
Microsoft Visual Studio Solution File, Format Version 11.00
# Visual C++ Express 2010
Project("{8BC9CEB8-8B4A-11D0-8D11-00A0C91BC942}") = "sudoko2", "sudoko2\sudoko2.vcxproj", "{FC0A6D89-B60C-4CA2-AE81-BDE624F1ADBC}"
EndProject
Global
	GlobalSection(SolutionConfigurationPlatforms) = preSolution
		Debug|Win32 = Debug|Win32
		Release|Win32 = Release|Win32
	EndGlobalSection
	GlobalSection(ProjectConfigurationPlatforms) = postSolution
		{FC0A6D89-B60C-4CA2-AE81-BDE624F1ADBC}.Debug|Win32.ActiveCfg = Debug|Win32
		{FC0A6D89-B60C-4CA2-AE81-BDE624F1ADBC}.Debug|Win32.Build.0 = Debug|Win32
		{FC0A6D89-B60C-4CA2-AE81-BDE624F1ADBC}.Release|Win32.ActiveCfg = Release|Win32
		{FC0A6D89-B60C-4CA2-AE81-BDE624F1ADBC}.Release|Win32.Build.0 = Release|Win32
	EndGlobalSection
	GlobalSection(SolutionProperties) = preSolution
		HideSolutionNode = FALSE
	EndGlobalSection
EndGlobal
